
Microsoft Visual Studio Solution File, Format Version 12.00
# Visual Studio Version 17
VisualStudioVersion = 17.7.34202.233
MinimumVisualStudioVersion = 10.0.40219.1
Project("{9A19103F-16F7-4668-BE54-9A1E7A4F7556}") = "EventifyWebApi", "EventifyWebApi\EventifyWebApi.csproj", "{A91D4253-5D9A-4E10-B461-45C6059573AF}"
EndProject
Project("{9A19103F-16F7-4668-BE54-9A1E7A4F7556}") = "EventifyMVC", "EventifyMVC\EventifyMVC.csproj", "{E0D4BEE9-A0AD-4D19-881A-3C7716377739}"
EndProject
Project("{9A19103F-16F7-4668-BE54-9A1E7A4F7556}") = "AuthApi", "AuthApi\AuthApi.csproj", "{BB536FE2-82A7-4A78-8D67-69280993984C}"
EndProject
Project("{FAE04EC0-301F-11D3-BF4B-00C04F79EFBC}") = "EventifyCommon", "EventifyCommon\EventifyCommon.csproj", "{0D9C47FC-57F4-4650-B71E-145EF99CBDF3}"
EndProject
Global
	GlobalSection(SolutionConfigurationPlatforms) = preSolution
		Debug|Any CPU = Debug|Any CPU
		Release|Any CPU = Release|Any CPU
	EndGlobalSection
	GlobalSection(ProjectConfigurationPlatforms) = postSolution
		{A91D4253-5D9A-4E10-B461-45C6059573AF}.Debug|Any CPU.ActiveCfg = Debug|Any CPU
		{A91D4253-5D9A-4E10-B461-45C6059573AF}.Debug|Any CPU.Build.0 = Debug|Any CPU
		{A91D4253-5D9A-4E10-B461-45C6059573AF}.Release|Any CPU.ActiveCfg = Release|Any CPU
		{A91D4253-5D9A-4E10-B461-45C6059573AF}.Release|Any CPU.Build.0 = Release|Any CPU
		{E0D4BEE9-A0AD-4D19-881A-3C7716377739}.Debug|Any CPU.ActiveCfg = Debug|Any CPU
		{E0D4BEE9-A0AD-4D19-881A-3C7716377739}.Debug|Any CPU.Build.0 = Debug|Any CPU
		{E0D4BEE9-A0AD-4D19-881A-3C7716377739}.Release|Any CPU.ActiveCfg = Release|Any CPU
		{E0D4BEE9-A0AD-4D19-881A-3C7716377739}.Release|Any CPU.Build.0 = Release|Any CPU
		{BB536FE2-82A7-4A78-8D67-69280993984C}.Debug|Any CPU.ActiveCfg = Debug|Any CPU
		{BB536FE2-82A7-4A78-8D67-69280993984C}.Debug|Any CPU.Build.0 = Debug|Any CPU
		{BB536FE2-82A7-4A78-8D67-69280993984C}.Release|Any CPU.ActiveCfg = Release|Any CPU
		{BB536FE2-82A7-4A78-8D67-69280993984C}.Release|Any CPU.Build.0 = Release|Any CPU
		{0D9C47FC-57F4-4650-B71E-145EF99CBDF3}.Debug|Any CPU.ActiveCfg = Debug|Any CPU
		{0D9C47FC-57F4-4650-B71E-145EF99CBDF3}.Debug|Any CPU.Build.0 = Debug|Any CPU
		{0D9C47FC-57F4-4650-B71E-145EF99CBDF3}.Release|Any CPU.ActiveCfg = Release|Any CPU
		{0D9C47FC-57F4-4650-B71E-145EF99CBDF3}.Release|Any CPU.Build.0 = Release|Any CPU
	EndGlobalSection
	GlobalSection(SolutionProperties) = preSolution
		HideSolutionNode = FALSE
	EndGlobalSection
	GlobalSection(ExtensibilityGlobals) = postSolution
		SolutionGuid = {BFE55804-0FB0-4883-B41E-28BD04AA484E}
	EndGlobalSection
EndGlobal
